Microsoft Visual Studio Solution File, Format Version 8.00
Project("{8BC9CEB8-8B4A-11D0-8D11-00A0C91BC942}") = "Diploma", "Diploma.vcproj", "{A9021B84-A2D0-4168-A017-BE150543B4D2}"
	ProjectSection(ProjectDependencies) = postProject
	EndProjectSection
EndProject
Global
	GlobalSection(SolutionConfiguration) = preSolution
		Debug = Debug
		Release = Release
	EndGlobalSection
	GlobalSection(ProjectConfiguration) = postSolution
		{A9021B84-A2D0-4168-A017-BE150543B4D2}.Debug.ActiveCfg = Debug|Win32
		{A9021B84-A2D0-4168-A017-BE150543B4D2}.Debug.Build.0 = Debug|Win32
		{A9021B84-A2D0-4168-A017-BE150543B4D2}.Release.ActiveCfg = Release|Win32
		{A9021B84-A2D0-4168-A017-BE150543B4D2}.Release.Build.0 = Release|Win32
	EndGlobalSection
	GlobalSection(ExtensibilityGlobals) = postSolution
	EndGlobalSection
	GlobalSection(ExtensibilityAddIns) = postSolution
	EndGlobalSection
EndGlobal
