Microsoft Visual Studio Solution File, Format Version 8.00
Project("{8BC9CEB8-8B4A-11D0-8D11-00A0C91BC942}") = "TTTXExportGui", "tttxexportgui.vcproj", "{579019B2-9EBE-4E69-9EDB-0BFAF6EA50E5}"
	ProjectSection(ProjectDependencies) = postProject
	EndProjectSection
EndProject
Global
	GlobalSection(SolutionConfiguration) = preSolution
		Release = Release
	EndGlobalSection
	GlobalSection(ProjectConfiguration) = postSolution
		{579019B2-9EBE-4E69-9EDB-0BFAF6EA50E5}.Release.ActiveCfg = Release|Win32
		{579019B2-9EBE-4E69-9EDB-0BFAF6EA50E5}.Release.Build.0 = Release|Win32
	EndGlobalSection
	GlobalSection(ExtensibilityGlobals) = postSolution
	EndGlobalSection
	GlobalSection(ExtensibilityAddIns) = postSolution
	EndGlobalSection
EndGlobal
